
Microsoft Visual Studio Solution File, Format Version 12.00
# Visual Studio Version 16
VisualStudioVersion = 16.0.31205.134
MinimumVisualStudioVersion = 10.0.40219.1
Project("{9A19103F-16F7-4668-BE54-9A1E7A4F7556}") = "TestApiGateway", "TestApiGateway\TestApiGateway.csproj", "{2FD3660C-2D00-44BC-B6BB-077F9266A6AD}"
EndProject
Project("{9A19103F-16F7-4668-BE54-9A1E7A4F7556}") = "TokenGenerator", "TokenGenerator\TokenGenerator.csproj", "{AF64E3ED-48A5-4E05-8C1C-58A3A0AB94CF}"
EndProject
Global
	GlobalSection(SolutionConfigurationPlatforms) = preSolution
		Debug|Any CPU = Debug|Any CPU
		Release|Any CPU = Release|Any CPU
	EndGlobalSection
	GlobalSection(ProjectConfigurationPlatforms) = postSolution
		{2FD3660C-2D00-44BC-B6BB-077F9266A6AD}.Debug|Any CPU.ActiveCfg = Debug|Any CPU
		{2FD3660C-2D00-44BC-B6BB-077F9266A6AD}.Debug|Any CPU.Build.0 = Debug|Any CPU
		{2FD3660C-2D00-44BC-B6BB-077F9266A6AD}.Release|Any CPU.ActiveCfg = Release|Any CPU
		{2FD3660C-2D00-44BC-B6BB-077F9266A6AD}.Release|Any CPU.Build.0 = Release|Any CPU
		{AF64E3ED-48A5-4E05-8C1C-58A3A0AB94CF}.Debug|Any CPU.ActiveCfg = Debug|Any CPU
		{AF64E3ED-48A5-4E05-8C1C-58A3A0AB94CF}.Debug|Any CPU.Build.0 = Debug|Any CPU
		{AF64E3ED-48A5-4E05-8C1C-58A3A0AB94CF}.Release|Any CPU.ActiveCfg = Release|Any CPU
		{AF64E3ED-48A5-4E05-8C1C-58A3A0AB94CF}.Release|Any CPU.Build.0 = Release|Any CPU
	EndGlobalSection
	GlobalSection(SolutionProperties) = preSolution
		HideSolutionNode = FALSE
	EndGlobalSection
	GlobalSection(ExtensibilityGlobals) = postSolution
		SolutionGuid = {C887A9AC-2BD4-4EDC-8C0E-77575FC45EDD}
	EndGlobalSection
EndGlobal
